
Microsoft Visual Studio Solution File, Format Version 12.00
# Visual Studio Version 17
VisualStudioVersion = 17.8.34525.116
MinimumVisualStudioVersion = 10.0.40219.1
Project("{FAE04EC0-301F-11D3-BF4B-00C04F79EFBC}") = "GameStorm", "GameStorm.csproj", "{F928165B-28DF-43A6-A97A-AE0682130CD6}"
EndProject
Global
	GlobalSection(SolutionConfigurationPlatforms) = preSolution
		Debug|Any CPU = Debug|Any CPU
		Release|Any CPU = Release|Any CPU
	EndGlobalSection
	GlobalSection(ProjectConfigurationPlatforms) = postSolution
		{F928165B-28DF-43A6-A97A-AE0682130CD6}.Debug|Any CPU.ActiveCfg = Debug|Any CPU
		{F928165B-28DF-43A6-A97A-AE0682130CD6}.Debug|Any CPU.Build.0 = Debug|Any CPU
		{F928165B-28DF-43A6-A97A-AE0682130CD6}.Release|Any CPU.ActiveCfg = Release|Any CPU
		{F928165B-28DF-43A6-A97A-AE0682130CD6}.Release|Any CPU.Build.0 = Release|Any CPU
	EndGlobalSection
	GlobalSection(SolutionProperties) = preSolution
		HideSolutionNode = FALSE
	EndGlobalSection
	GlobalSection(ExtensibilityGlobals) = postSolution
		SolutionGuid = {FFF5737A-4E54-4AF5-AFFC-2E1DD3543283}
	EndGlobalSection
EndGlobal
